
Microsoft Visual Studio Solution File, Format Version 12.00
# Visual Studio Version 17
VisualStudioVersion = 17.3.32825.248
MinimumVisualStudioVersion = 10.0.40219.1
Project("{FAE04EC0-301F-11D3-BF4B-00C04F79EFBC}") = "SimpleCRUD.API", "SimpleCRUD.API\SimpleCRUD.API.csproj", "{1167F8EA-738D-4C47-8FA0-A7AC6B31D7C6}"
EndProject
Global
	GlobalSection(SolutionConfigurationPlatforms) = preSolution
		Debug|Any CPU = Debug|Any CPU
		Release|Any CPU = Release|Any CPU
	EndGlobalSection
	GlobalSection(ProjectConfigurationPlatforms) = postSolution
		{1167F8EA-738D-4C47-8FA0-A7AC6B31D7C6}.Debug|Any CPU.ActiveCfg = Debug|Any CPU
		{1167F8EA-738D-4C47-8FA0-A7AC6B31D7C6}.Debug|Any CPU.Build.0 = Debug|Any CPU
		{1167F8EA-738D-4C47-8FA0-A7AC6B31D7C6}.Release|Any CPU.ActiveCfg = Release|Any CPU
		{1167F8EA-738D-4C47-8FA0-A7AC6B31D7C6}.Release|Any CPU.Build.0 = Release|Any CPU
	EndGlobalSection
	GlobalSection(SolutionProperties) = preSolution
		HideSolutionNode = FALSE
	EndGlobalSection
	GlobalSection(ExtensibilityGlobals) = postSolution
		SolutionGuid = {CCFA360E-E4A3-44A7-B790-95C96612E3B9}
	EndGlobalSection
EndGlobal
